
Microsoft Visual Studio Solution File, Format Version 12.00
Project("{FAE04EC0-301F-11D3-BF4B-00C04F79EFBC}") = "BirthdayBot", "BirthdayBot\BirthdayBot.csproj", "{8BFE0AFA-B75E-4D24-8F7A-1BBBEA39D918}"
EndProject
Project("{FAE04EC0-301F-11D3-BF4B-00C04F79EFBC}") = "BirthdayBot.Tests", "BirthdayBot.Tests\BirthdayBot.Tests.csproj", "{53ECA066-7F51-43F8-9919-931EE604FD30}"
EndProject
Global
	GlobalSection(SolutionConfigurationPlatforms) = preSolution
		Debug|Any CPU = Debug|Any CPU
		Release|Any CPU = Release|Any CPU
	EndGlobalSection
	GlobalSection(ProjectConfigurationPlatforms) = postSolution
		{8BFE0AFA-B75E-4D24-8F7A-1BBBEA39D918}.Debug|Any CPU.ActiveCfg = Debug|Any CPU
		{8BFE0AFA-B75E-4D24-8F7A-1BBBEA39D918}.Debug|Any CPU.Build.0 = Debug|Any CPU
		{8BFE0AFA-B75E-4D24-8F7A-1BBBEA39D918}.Release|Any CPU.ActiveCfg = Release|Any CPU
		{8BFE0AFA-B75E-4D24-8F7A-1BBBEA39D918}.Release|Any CPU.Build.0 = Release|Any CPU
		{53ECA066-7F51-43F8-9919-931EE604FD30}.Debug|Any CPU.ActiveCfg = Debug|Any CPU
		{53ECA066-7F51-43F8-9919-931EE604FD30}.Debug|Any CPU.Build.0 = Debug|Any CPU
		{53ECA066-7F51-43F8-9919-931EE604FD30}.Release|Any CPU.ActiveCfg = Release|Any CPU
		{53ECA066-7F51-43F8-9919-931EE604FD30}.Release|Any CPU.Build.0 = Release|Any CPU
	EndGlobalSection
EndGlobal
